version = 1
revision = 3
requires-python = ">=3.13"
resolution-markers = [
    "python_full_version >= '3.14'",
    "python_full_version < '3.14'",
]

[[package]]
name = "anyio"
version = "4.14.2"
source = { registry = "https://pypi.org/simple" }
dependencies = [
    { name = "idna" },
]
sdist = { url = "https://files.pythonhosted.org/packages/61/cc/a381afa6efea9f496eff839d4a6a1aed3bfafc7b3ab4b0d1b243a12573dd/anyio-4.14.2.tar.gz", hash = "sha256:cfa139f3ed1a23ee8f88a145ddb5ac7605b8bbfd8592baacd7ce3d8bb4313c7f", size = 260176, upload-time = "2026-07-12T20:29:07.082Z" }
wheels = [
    { url = "https://files.pythonhosted.org/packages/da/35/f2287558c17e29fafc8ef3daf819bb9834061cfa43bff8014f7df7f63bdc/anyio-4.14.2-py3-none-any.whl", hash = "sha256:9f505dda5ac9f0c8309b5e8bd445a8c2bf7246f3ce950121e45ea15bc41d1494", size = 125813, upload-time = "2026-07-12T20:29:05.763Z" },
]

[[package]]
name = "basedpyright"
version = "1.39.10"
source = { registry = "https://pypi.org/simple" }
dependencies = [
    { name = "nodejs-wheel-binaries" },
]
sdist = { url = "https://files.pythonhosted.org/packages/68/43/ad2999f3b09eb2b1e59931d88fac0f7bcc9c17fc18c903268779bd10cc97/basedpyright-1.39.10.tar.gz", hash = "sha256:c8eaf5302f3265e275c7df4fba194d7afa7c1cb53fbfd448e90098360aca2c2e", size = 24740347, upload-time = "2026-08-13T17:09:02.51Z" }
wheels = [
    { url = "https://files.pythonhosted.org/packages/be/2a/a224054d75a58786c482f63b8ff2a09fc3362268bd1ebd0a61fb3f982153/basedpyright-1.39.10-py3-none-any.whl", hash = "sha256:cbd75d83c0be841329bcfef2d2f1182f152a6d975b8eb199e75cf5b8e9a3de78", size = 13482322, upload-time = "2026-08-13T17:08:59.074Z" },
]

[[package]]
name = "certifi"
version = "2026.7.22"
source = { registry = "https://pypi.org/simple" }
sdist = { url = "https://files.pythonhosted.org/packages/a3/c2/24167ea9858356b47a87a50d39908bfdb72ceeefe0041586e704e5376b3a/certifi-2026.7.22.tar.gz", hash = "sha256:741e2c3b351ddf169a738da9f2c048608ff7f2c5cc02f1ebc6b118bb090d5d55", size = 138112, upload-time = "2026-07-22T03:35:12.644Z" }
wheels = [
    { url = "https://files.pythonhosted.org/packages/0b/a7/71ac2cff56fec219ed242bb11b8efb69fcc4bec75db06fb7bfe35de520e6/certifi-2026.7.22-py3-none-any.whl", hash = "sha256:62f22742b58a1a33014a2b6b706588a8d7e2a88ae7bd1a6ebe8c992928483775", size = 136983, upload-time = "2026-07-22T03:35:11.276Z" },
]

[[package]]
name = "h11"
version = "0.16.0"
source = { registry = "https://pypi.org/simple" }
sdist = { url = "https://files.pythonhosted.org/packages/01/ee/02a2c011bdab74c6fb3c75474d40b3052059d95df7e73351460c8588d963/h11-0.16.0.tar.gz", hash = "sha256:4e35b956cf45792e4caa5885e69fba00bdbc6ffafbfa020300e549b208ee5ff1", size = 101250, upload-time = "2025-04-24T03:35:25.427Z" }
wheels = [
    { url = "https://files.pythonhosted.org/packages/04/4b/29cac41a4d98d144bf5f6d33995617b185d14b22401f75ca86f384e87ff1/h11-0.16.0-py3-none-any.whl", hash = "sha256:63cf8bbe7522de3bf65932fda1d9c2772064ffb3dae62d55932da54b31cb6c86", size = 37515, upload-time = "2025-04-24T03:35:24.344Z" },
]

[[package]]
name = "httpcore"
version = "1.0.9"
source = { registry = "https://pypi.org/simple" }
dependencies = [
    { name = "certifi" },
    { name = "h11" },
]
sdist = { url = "https://files.pythonhosted.org/packages/06/94/82699a10bca87a5556c9c59b5963f2d039dbd239f25bc2a63907a05a14cb/httpcore-1.0.9.tar.gz", hash = "sha256:6e34463af53fd2ab5d807f399a9b45ea31c3dfa2276f15a2c3f00afff6e176e8", size = 85484, upload-time = "2025-04-24T22:06:22.219Z" }
wheels = [
    { url = "https://files.pythonhosted.org/packages/7e/f5/f66802a942d491edb555dd61e3a9961140fd64c90bce1eafd741609d334d/httpcore-1.0.9-py3-none-any.whl", hash = "sha256:2d400746a40668fc9dec9810239072b40b4484b640a8c38fd654a024c7a1bf55", size = 78784, upload-time = "2025-04-24T22:06:20.566Z" },
]

[[package]]
name = "httpx"
version = "0.28.1"
source = { registry = "https://pypi.org/simple" }
dependencies = [
    { name = "anyio" },
    { name = "certifi" },
    { name = "httpcore" },
    { name = "idna" },
]
sdist = { url = "https://files.pythonhosted.org/packages/b1/df/48c586a5fe32a0f01324ee087459e112ebb7224f646c0b5023f5e79e9956/httpx-0.28.1.tar.gz", hash = "sha256:75e98c5f16b0f35b567856f597f06ff2270a374470a5c2392242528e3e3e42fc", size = 141406, upload-time = "2024-12-06T15:37:23.222Z" }
wheels = [
    { url = "https://files.pythonhosted.org/packages/2a/39/e50c7c3a983047577ee07d2a9e53faf5a69493943ec3f6a384bdc792deb2/httpx-0.28.1-py3-none-any.whl", hash = "sha256:d909fcccc110f8c7faf814ca82a9a4d816bc5a6dbfea25d6591d6985b8ba59ad", size = 73517, upload-time = "2024-12-06T15:37:21.509Z" },
]

[[package]]
name = "idna"
version = "3.19"
source = { registry = "https://pypi.org/simple" }
sdist = { url = "https://files.pythonhosted.org/packages/5f/f7/abb373e5757eaec4b922b92f97ec8d6d7e057cf06778247604fbc4e7c3f3/idna-3.19.tar.gz", hash = "sha256:5e0811a4383b21dc5838069f801c4fb62113b7447663d2530d2bd6e77b49bf15", size = 215237, upload-time = "2026-08-18T05:14:24.27Z" }
wheels = [
    { url = "https://files.pythonhosted.org/packages/57/b0/0e52c878c53f245edd3a11020f20979b3f490f245af532c7cae3027754b5/idna-3.19-py3-none-any.whl", hash = "sha256:815e7be7a7806d54abb586dc943addc79e8b2ee16915059658cbeff4b1b43bf4", size = 68550, upload-time = "2026-08-18T05:14:22.343Z" },
]

[[package]]
name = "nodejs-wheel-binaries"
version = "24.19.0"
source = { registry = "https://pypi.org/simple" }
sdist = { url = "https://files.pythonhosted.org/packages/c0/76/7e97195e14346598565a0de4ca8bdbd5e634b3fb5b1ba590b7b1b89f8a63/nodejs_wheel_binaries-24.19.0.tar.gz", hash = "sha256:db217eef8cab8551667863379b08db4d9067403f6cbbe87481eb40edceb8aa9b", size = 8058, upload-time = "2026-08-19T21:47:19.671Z" }
wheels = [
    { url = "https://files.pythonhosted.org/packages/8c/52/0774b52c7be8151ad9d5aff44edc100c3f13d6d8eb3765f63ffa40e69fe8/nodejs_wheel_binaries-24.19.0-py2.py3-none-macosx_13_0_arm64.whl", hash = "sha256:e12cbfd69089504e42fb14194ce734a9dcf3eb38c820ca63dd511d36fb964e9c", size = 56047203, upload-time = "2026-08-19T21:46:43.448Z" },
    { url = "https://files.pythonhosted.org/packages/67/3a/4fdbbfecf2c23d52c0e3f68de7f7c1b3c97a26d328c69c5f6c49c48e340e/nodejs_wheel_binaries-24.19.0-py2.py3-none-macosx_13_0_x86_64.whl", hash = "sha256:1c890adf4b7e6556ccc1ca66c866bb81884b6c9a581dee4e530dc7f78fb9d514", size = 56219459, upload-time = "2026-08-19T21:46:48.45Z" },
    { url = "https://files.pythonhosted.org/packages/5f/a8/0147149415195c59b8a72a594916bfb80d6be4d586f9fbfda313889e0efc/nodejs_wheel_binaries-24.19.0-py2.py3-none-manylinux_2_28_aarch64.whl", hash = "sha256:4e029dadfae1295876063c96b236f673487e8c27379fe146c1e2250283520227", size = 60588256, upload-time = "2026-08-19T21:46:53.298Z" },
    { url = "https://files.pythonhosted.org/packages/f4/89/6631d0982353da1bb7bc00bb1988f702822c62b42634f57999ee53b5c337/nodejs_wheel_binaries-24.19.0-py2.py3-none-manylinux_2_28_x86_64.whl", hash = "sha256:4196a947bcc883f2003ab101762d729f3e99b5e86b75bd09151563403e2eceb8", size = 61123607, upload-time = "2026-08-19T21:46:58.117Z" },
    { url = "https://files.pythonhosted.org/packages/32/a2/fa30f0841e4602995782e124359f9b910c7b481d98decf61ef0b2fc3ebfb/nodejs_wheel_binaries-24.19.0-py2.py3-none-musllinux_1_2_aarch64.whl", hash = "sha256:352e048ab4dd35e7de5f338d1cc4fcbf77a0e93da30bf7336a8217ee246b31d7", size = 62632842, upload-time = "2026-08-19T21:47:03.42Z" },
    { url = "https://files.pythonhosted.org/packages/18/01/22d97ca72213f66cc386ee638db30c2e62757fdf761c6029074bced83d1c/nodejs_wheel_binaries-24.19.0-py2.py3-none-musllinux_1_2_x86_64.whl", hash = "sha256:28d078b2ced9e2069516e652dc4b1380e7a1a7f2d3934eccd1611586d283ba4c", size = 63250653, upload-time = "2026-08-19T21:47:07.938Z" },
    { url = "https://files.pythonhosted.org/packages/88/d1/e3be8fa327a795bcaf7a19cd84299e338a7bce32ff0665fdce9cfa22573c/nodejs_wheel_binaries-24.19.0-py2.py3-none-win_amd64.whl", hash = "sha256:67e3abeb9c3830cae8c8487ae8a2af7cc27dfa75af06145cee5ca7d1857c81bd", size = 42448503, upload-time = "2026-08-19T21:47:12.093Z" },
    { url = "https://files.pythonhosted.org/packages/1d/37/34cf28ba1691a060174948a9927fe61091982d6048b2e403071a9acce443/nodejs_wheel_binaries-24.19.0-py2.py3-none-win_arm64.whl", hash = "sha256:d9074c665ea68b04e183d82482c86dc907d3a9bd15eb6cf85542cb785266bb36", size = 40090155, upload-time = "2026-08-19T21:47:16.032Z" },
]

[[package]]
name = "python-telegram-bot"
version = "22.8"
source = { registry = "https://pypi.org/simple" }
dependencies = [
    { name = "httpcore", marker = "python_full_version >= '3.14'" },
    { name = "httpx" },
]
sdist = { url = "https://files.pythonhosted.org/packages/ba/77/153517bb1ac1bba670c6fb1dbf09e1fd0730494b1705934e715391413a0d/python_telegram_bot-22.8.tar.gz", hash = "sha256:f9d3847fcb23ee603477e442800b33bb4adf851a73e0619d2050be879decf1ef", size = 1551700, upload-time = "2026-06-12T08:10:29.1Z" }
wheels = [
    { url = "https://files.pythonhosted.org/packages/60/7c/ed7d4dd94280bd434173cae9f7a7aedaaab9af128ae4f494423a5687c820/python_telegram_bot-22.8-py3-none-any.whl", hash = "sha256:42373918097f1b837cc4e717d588c19ea79651497ec712bb5b0c76e5e63c50e1", size = 769397, upload-time = "2026-06-12T08:10:27.066Z" },
]

[[package]]
name = "receipt-goblin"
version = "0.1.0"
source = { editable = "." }
dependencies = [
    { name = "python-telegram-bot" },
]

[package.dev-dependencies]
dev = [
    { name = "basedpyright" },
    { name = "ruff" },
]

[package.metadata]
requires-dist = [{ name = "python-telegram-bot", specifier = ">=22.8" }]

[package.metadata.requires-dev]
dev = [
    { name = "basedpyright", specifier = ">=1.39.10" },
    { name = "ruff", specifier = ">=0.16.4" },
]

[[package]]
name = "ruff"
version = "0.16.4"
source = { registry = "https://pypi.org/simple" }
sdist = { url = "https://files.pythonhosted.org/packages/00/8f/d8074b1f25e003164087a8bfe79a0f1a3945135764dbb6aaab04103dcaf9/ruff-0.16.4.tar.gz", hash = "sha256:13171aa9d9af2240ee3504e639de73122c67e74036de5ba2e1d01422cd17e3dc", size = 4899731, upload-time = "2026-08-20T17:43:59.196Z" }
wheels = [
    { url = "https://files.pythonhosted.org/packages/ff/80/779895ef584e089d22f2c6df0d0e99a65ec2df0805f1fffd439415b8c1f0/ruff-0.16.4-py3-none-linux_armv6l.whl", hash = "sha256:df4075f71ddac40b9934af60c3ec8a53047dd5a5fdc43224e6e4e8e9a27cb6f7", size = 10006909, upload-time = "2026-08-20T17:43:16.888Z" },
    { url = "https://files.pythonhosted.org/packages/a9/e6/f553199b5e8927a05cb5c422d921fd0656b29ab976e91c44802107c6b0da/ruff-0.16.4-py3-none-macosx_10_12_x86_64.whl", hash = "sha256:0c95538517af68004306b0fb3214ff2f2af67a65092aee77cd9eb86db6656604", size = 10240201, upload-time = "2026-08-20T17:43:19.337Z" },
    { url = "https://files.pythonhosted.org/packages/1c/70/4a6dc4bb34da4dee35e30f09bbd1bfbdd26f33b62fb9b8df31f08a199cd2/ruff-0.16.4-py3-none-macosx_11_0_arm64.whl", hash = "sha256:963f83df8e69e575b64d67dd447ebbc917db41a14bf38d4593a4183e7aaa8255", size = 9835122, upload-time = "2026-08-20T17:43:21.708Z" },
    { url = "https://files.pythonhosted.org/packages/24/12/c6e22d686372c15bcb7af99831f1a1be96df696491babf4f24e4f942c527/ruff-0.16.4-py3-none-manylinux_2_17_aarch64.manylinux2014_aarch64.whl", hash = "sha256:32a5057c7ff3f6e6480a48fccfb3a412a690f48a3d03ac5cf08177d6c2da3ade", size = 9977162, upload-time = "2026-08-20T17:43:24.236Z" },
    { url = "https://files.pythonhosted.org/packages/46/49/72b10ec912f5ab5854992eaf7aa7cd36729b6937d9dc4e0fb41b3bf428ec/ruff-0.16.4-py3-none-manylinux_2_17_armv7l.manylinux2014_armv7l.whl", hash = "sha256:b3dce8d9b0c57c265b91885a66a567d8ea1372e8eb4e250fa8e5e3f579e99cff", size = 9829789, upload-time = "2026-08-20T17:43:26.966Z" },
    { url = "https://files.pythonhosted.org/packages/fa/80/0f30e32e7f6ee26edc39075502db9d368d788a44a79b55f763eb4ab03796/ruff-0.16.4-py3-none-manylinux_2_17_i686.manylinux2014_i686.whl", hash = "sha256:7dc651db49283c69f8e72c834eec4fe5573e4c646856aebece0ce385dceb2a80", size = 10527949, upload-time = "2026-08-20T17:43:29.384Z" },
    { url = "https://files.pythonhosted.org/packages/52/3d/86e8ad3542169e56cac3859a343afdb9df2ad54d35a59ce1e67baee83421/ruff-0.16.4-py3-none-manylinux_2_17_ppc64le.manylinux2014_ppc64le.whl", hash = "sha256:3817b87dbcabc92f13b05019257c5b89b5b4d51b5fb20f56fb5235ceb723cd07", size = 11333695, upload-time = "2026-08-20T17:43:31.872Z" },
    { url = "https://files.pythonhosted.org/packages/d0/16/481c29b380c20a0054a8261066665e1b3488e23636c49d0a43e75975b9bb/ruff-0.16.4-py3-none-manylinux_2_17_s390x.manylinux2014_s390x.whl", hash = "sha256:e9fce1499134b2c8c68e5166f95705a5812062bb93aacc5f9873bb1a27084bc7", size = 10727741, upload-time = "2026-08-20T17:43:34.596Z" },
    { url = "https://files.pythonhosted.org/packages/5e/b6/56bc0b8cf45b54b28b3a5e6381c8945d51b5b18adf659454c32295209a31/ruff-0.16.4-py3-none-manylinux_2_17_x86_64.manylinux2014_x86_64.whl", hash = "sha256:f2d812e482f5a7e02eee26cd73d2a37ebbdf47d795ea63ba1b89110ae93e9fb3", size = 10286522, upload-time = "2026-08-20T17:43:37.288Z" },
    { url = "https://files.pythonhosted.org/packages/e8/8b/b345b4fb110f2fbe2bd31eabd271e5e8b3b7e4ee6c0e02f2dc6be78db000/ruff-0.16.4-py3-none-manylinux_2_31_riscv64.whl", hash = "sha256:6baaf984aa7976edf93d3b627fe2d1d22ee94bbca05fa6f90fc76d73924e3454", size = 10584182, upload-time = "2026-08-20T17:43:39.984Z" },
    { url = "https://files.pythonhosted.org/packages/29/e5/827b34041c35f58774a9681a4213994c164fc987800f4dddabcf451da0bf/ruff-0.16.4-py3-none-musllinux_1_2_aarch64.whl", hash = "sha256:bdfcf0b28662eb890372d50f92c283bb94e67e7635ed93c7fd533970acff7b2b", size = 10134195, upload-time = "2026-08-20T17:43:42.351Z" },
    { url = "https://files.pythonhosted.org/packages/0f/10/d0bffcdd6729b87afc82ba0ef377173356a7dc8e972f5179968cf2fdf98c/ruff-0.16.4-py3-none-musllinux_1_2_armv7l.whl", hash = "sha256:b66b02cb9b04f537643cadf5768e5f98dc461890d530cb67113d71c8c76e605d", size = 9825821, upload-time = "2026-08-20T17:43:44.532Z" },
    { url = "https://files.pythonhosted.org/packages/f5/32/0db2a863b796ca62d83e92a07a3ccf00921b14db02059347576a2fda3d4b/ruff-0.16.4-py3-none-musllinux_1_2_i686.whl", hash = "sha256:8528bf9a4b291a60bf02ea453511e8ce6215bd2b982ee80405b66b008b6c30a0", size = 10267658, upload-time = "2026-08-20T17:43:46.989Z" },
    { url = "https://files.pythonhosted.org/packages/b2/a0/fbdeb59e48c6261f523e56c8f12e9c08fbe693786595cc7e3959207a9232/ruff-0.16.4-py3-none-musllinux_1_2_x86_64.whl", hash = "sha256:fbd85d2875fdd67e833213a651f613bbf25303abf6aa822a5121f4531195678d", size = 10697071, upload-time = "2026-08-20T17:43:49.891Z" },
    { url = "https://files.pythonhosted.org/packages/aa/28/0c6dd865859c6d17bc8ccc34cb72b0e02d6c7eb25e8a1e22b5bea681e2c0/ruff-0.16.4-py3-none-win32.whl", hash = "sha256:312769988007aaeb8e189b443ccdd03c0e6374489e053467be6d96518ebff76e", size = 10021687, upload-time = "2026-08-20T17:43:52.281Z" },
    { url = "https://files.pythonhosted.org/packages/a3/03/e724450f621698117f9aa6dd241c94d0274ae96781378dc86745ae29f0e7/ruff-0.16.4-py3-none-win_amd64.whl", hash = "sha256:05d9d27a18c4bcbefada602480ec9e01e0bc949d432e0ced5df77edac195919c", size = 10567657, upload-time = "2026-08-20T17:43:54.78Z" },
    { url = "https://files.pythonhosted.org/packages/0e/fe/da8b9e1347696bb22120b77280ec5ce25d500ca5cb39d5ad6e5c18de19c1/ruff-0.16.4-py3-none-win_arm64.whl", hash = "sha256:a3a61621c9b6f6a89573e938a080e648f1695baa3f58570a3a707bc51ff65a21", size = 10451579, upload-time = "2026-08-20T17:43:57.135Z" },
]
